// !$*UTF8*$!
{
	archiveVersion = 1;
	classes = {
	};
	objectVersion = 50;
	objects = {

/* Begin PBXBuildFile section */
		9A6C1E6D277A14105CE447BD /* Pods_happyhouse.framework in Frameworks */ = {isa = PBXBuildFile; fileRef = B85BE71204976F7780266B42 /* Pods_happyhouse.framework */; };
		DA147D362280451F00C0C9E5 /* OnBoardingGuideViewCell.swift in Sources */ = {isa = PBXBuildFile; fileRef = DA147D352280451F00C0C9E5 /* OnBoardingGuideViewCell.swift */; };
		DA147D38228045B300C0C9E5 /* OnBoardingGuide.swift in Sources */ = {isa = PBXBuildFile; fileRef = DA147D37228045B300C0C9E5 /* OnBoardingGuide.swift */; };
		DA19E335227D921D00DCA3B7 /* AppDelegate.swift in Sources */ = {isa = PBXBuildFile; fileRef = DA19E334227D921D00DCA3B7 /* AppDelegate.swift */; };
		DA19E33C227D921F00DCA3B7 /* Assets.xcassets in Resources */ = {isa = PBXBuildFile; fileRef = DA19E33B227D921F00DCA3B7 /* Assets.xcassets */; };
		DA19E33F227D921F00DCA3B7 /* LaunchScreen.storyboard in Resources */ = {isa = PBXBuildFile; fileRef = DA19E33D227D921F00DCA3B7 /* LaunchScreen.storyboard */; };
		DA19E347227D9C9F00DCA3B7 /* GoogleService-Info.plist in Resources */ = {isa = PBXBuildFile; fileRef = DA19E346227D9C9F00DCA3B7 /* GoogleService-Info.plist */; };
		DA9E3A07227DAA6900876188 /* KakaoCommon.framework in Frameworks */ = {isa = PBXBuildFile; fileRef = DA9E3A06227DAA6800876188 /* KakaoCommon.framework */; };
		DA9E3A0A227DAC3E00876188 /* SplashViewController.swift in Sources */ = {isa = PBXBuildFile; fileRef = DA9E3A09227DAC3E00876188 /* SplashViewController.swift */; };
		DA9E3A0C227DAD0A00876188 /* LoginViewController.swift in Sources */ = {isa = PBXBuildFile; fileRef = DA9E3A0B227DAD0A00876188 /* LoginViewController.swift */; };
		DA9E3A10227DB6D600876188 /* KakaoOpenSDK.framework in Frameworks */ = {isa = PBXBuildFile; fileRef = DA9E3A0F227DB6D600876188 /* KakaoOpenSDK.framework */; };
		DA9E3A19227DCD5800876188 /* HouseWorkListViewController.swift in Sources */ = {isa = PBXBuildFile; fileRef = DA9E3A18227DCD5800876188 /* HouseWorkListViewController.swift */; };
		DA9E3A1E227DCE3800876188 /* SettingsProvider.swift in Sources */ = {isa = PBXBuildFile; fileRef = DA9E3A1D227DCE3800876188 /* SettingsProvider.swift */; };
		DA9E3A20227DCF5000876188 /* Router.swift in Sources */ = {isa = PBXBuildFile; fileRef = DA9E3A1F227DCF5000876188 /* Router.swift */; };
		DA9E3A23227DD37A00876188 /* Response.swift in Sources */ = {isa = PBXBuildFile; fileRef = DA9E3A22227DD37A00876188 /* Response.swift */; };
		DA9E3A26227DD57300876188 /* BackendService.swift in Sources */ = {isa = PBXBuildFile; fileRef = DA9E3A25227DD57300876188 /* BackendService.swift */; };
		DA9E3A28227DD5F100876188 /* User.swift in Sources */ = {isa = PBXBuildFile; fileRef = DA9E3A27227DD5F100876188 /* User.swift */; };
		DA9E3A2A227DDC9F00876188 /* HouseWork.swift in Sources */ = {isa = PBXBuildFile; fileRef = DA9E3A29227DDC9F00876188 /* HouseWork.swift */; };
		DA9E3A2C227DDCF300876188 /* HouseWorkViewCell.swift in Sources */ = {isa = PBXBuildFile; fileRef = DA9E3A2B227DDCF300876188 /* HouseWorkViewCell.swift */; };
		DA9E3A2E227DDDCA00876188 /* FontProvider.swift in Sources */ = {isa = PBXBuildFile; fileRef = DA9E3A2D227DDDCA00876188 /* FontProvider.swift */; };
		DA9E3A31227DDFB600876188 /* Array.swift in Sources */ = {isa = PBXBuildFile; fileRef = DA9E3A30227DDFB600876188 /* Array.swift */; };
		DA9E3A33227DE06800876188 /* HappyError.swift in Sources */ = {isa = PBXBuildFile; fileRef = DA9E3A32227DE06800876188 /* HappyError.swift */; };
		DA9E3A35227DF1C800876188 /* UIImageView.swift in Sources */ = {isa = PBXBuildFile; fileRef = DA9E3A34227DF1C800876188 /* UIImageView.swift */; };
		DA9E3A37227DF2D900876188 /* UITableViewCell.swift in Sources */ = {isa = PBXBuildFile; fileRef = DA9E3A36227DF2D900876188 /* UITableViewCell.swift */; };
		DA9E3A39227DF3B900876188 /* UIColor.swift in Sources */ = {isa = PBXBuildFile; fileRef = DA9E3A38227DF3B900876188 /* UIColor.swift */; };
		DA9E3A3B227E0C0500876188 /* CALayer.swift in Sources */ = {isa = PBXBuildFile; fileRef = DA9E3A3A227E0C0500876188 /* CALayer.swift */; };
		DA9E3A3D227E123B00876188 /* FamilyViewController.swift in Sources */ = {isa = PBXBuildFile; fileRef = DA9E3A3C227E123B00876188 /* FamilyViewController.swift */; };
		DA9E3A3F227E124D00876188 /* FamilyMemberViewCell.swift in Sources */ = {isa = PBXBuildFile; fileRef = DA9E3A3E227E124D00876188 /* FamilyMemberViewCell.swift */; };
		DA9E3A43227E2B7900876188 /* String.swift in Sources */ = {isa = PBXBuildFile; fileRef = DA9E3A42227E2B7900876188 /* String.swift */; };
		DA9E3A45227E2E8900876188 /* TabBarViewController.swift in Sources */ = {isa = PBXBuildFile; fileRef = DA9E3A44227E2E8900876188 /* TabBarViewController.swift */; };
		DA9E3A47227E338700876188 /* ShareViewController.swift in Sources */ = {isa = PBXBuildFile; fileRef = DA9E3A46227E338700876188 /* ShareViewController.swift */; };
		DA9E3A49227E40FC00876188 /* OnBoardingViewController.swift in Sources */ = {isa = PBXBuildFile; fileRef = DA9E3A48227E40FC00876188 /* OnBoardingViewController.swift */; };
		DA9E3A4B227E474D00876188 /* Family.swift in Sources */ = {isa = PBXBuildFile; fileRef = DA9E3A4A227E474D00876188 /* Family.swift */; };
		DA9E3A4D227E4E4200876188 /* StatisticsViewController.swift in Sources */ = {isa = PBXBuildFile; fileRef = DA9E3A4C227E4E4200876188 /* StatisticsViewController.swift */; };
		DA9E3A4F227E51B600876188 /* FamilyMemberHouseWorkViewCell.swift in Sources */ = {isa = PBXBuildFile; fileRef = DA9E3A4E227E51B600876188 /* FamilyMemberHouseWorkViewCell.swift */; };
/* End PBXBuildFile section */

/* Begin PBXFileReference section */
		0F0C1D697E11EF9D61AC6D94 /* Pods-happyhouse.debug.xcconfig */ = {isa = PBXFileReference; includeInIndex = 1; lastKnownFileType = text.xcconfig; name = "Pods-happyhouse.debug.xcconfig"; path = "Pods/Target Support Files/Pods-happyhouse/Pods-happyhouse.debug.xcconfig"; sourceTree = "<group>"; };
		94052B309591652B2912BA29 /* Pods-happyhouse.release.xcconfig */ = {isa = PBXFileReference; includeInIndex = 1; lastKnownFileType = text.xcconfig; name = "Pods-happyhouse.release.xcconfig"; path = "Pods/Target Support Files/Pods-happyhouse/Pods-happyhouse.release.xcconfig"; sourceTree = "<group>"; };
		B85BE71204976F7780266B42 /* Pods_happyhouse.framework */ = {isa = PBXFileReference; explicitFileType = wrapper.framework; includeInIndex = 0; path = Pods_happyhouse.framework; sourceTree = BUILT_PRODUCTS_DIR; };
		DA147D352280451F00C0C9E5 /* OnBoardingGuideViewCell.swift */ = {isa = PBXFileReference; lastKnownFileType = sourcecode.swift; path = OnBoardingGuideViewCell.swift; sourceTree = "<group>"; };
		DA147D37228045B300C0C9E5 /* OnBoardingGuide.swift */ = {isa = PBXFileReference; lastKnownFileType = sourcecode.swift; path = OnBoardingGuide.swift; sourceTree = "<group>"; };
		DA19E331227D921D00DCA3B7 /* happyhouse.app */ = {isa = PBXFileReference; explicitFileType = wrapper.application; includeInIndex = 0; path = happyhouse.app; sourceTree = BUILT_PRODUCTS_DIR; };
		DA19E334227D921D00DCA3B7 /* AppDelegate.swift */ = {isa = PBXFileReference; lastKnownFileType = sourcecode.swift; path = AppDelegate.swift; sourceTree = "<group>"; };
		DA19E33B227D921F00DCA3B7 /* Assets.xcassets */ = {isa = PBXFileReference; lastKnownFileType = folder.assetcatalog; path = Assets.xcassets; sourceTree = "<group>"; };
		DA19E33E227D921F00DCA3B7 /* Base */ = {isa = PBXFileReference; lastKnownFileType = file.storyboard; name = Base; path = Base.lproj/LaunchScreen.storyboard; sourceTree = "<group>"; };
		DA19E340227D921F00DCA3B7 /* Info.plist */ = {isa = PBXFileReference; lastKnownFileType = text.plist.xml; path = Info.plist; sourceTree = "<group>"; };
		DA19E346227D9C9F00DCA3B7 /* GoogleService-Info.plist */ = {isa = PBXFileReference; fileEncoding = 4; lastKnownFileType = text.plist.xml; path = "GoogleService-Info.plist"; sourceTree = "<group>"; };
		DA9E3A06227DAA6800876188 /* KakaoCommon.framework */ = {isa = PBXFileReference; lastKnownFileType = wrapper.framework; path = KakaoCommon.framework; sourceTree = "<group>"; };
		DA9E3A09227DAC3E00876188 /* SplashViewController.swift */ = {isa = PBXFileReference; lastKnownFileType = sourcecode.swift; path = SplashViewController.swift; sourceTree = "<group>"; };
		DA9E3A0B227DAD0A00876188 /* LoginViewController.swift */ = {isa = PBXFileReference; lastKnownFileType = sourcecode.swift; path = LoginViewController.swift; sourceTree = "<group>"; };
		DA9E3A0F227DB6D600876188 /* KakaoOpenSDK.framework */ = {isa = PBXFileReference; lastKnownFileType = wrapper.framework; path = KakaoOpenSDK.framework; sourceTree = "<group>"; };
		DA9E3A11227DB6EC00876188 /* KakaoOpenSDK-Bridging-Header.h */ = {isa = PBXFileReference; lastKnownFileType = sourcecode.c.h; path = "KakaoOpenSDK-Bridging-Header.h"; sourceTree = "<group>"; };
		DA9E3A18227DCD5800876188 /* HouseWorkListViewController.swift */ = {isa = PBXFileReference; lastKnownFileType = sourcecode.swift; path = HouseWorkListViewController.swift; sourceTree = "<group>"; };
		DA9E3A1D227DCE3800876188 /* SettingsProvider.swift */ = {isa = PBXFileReference; lastKnownFileType = sourcecode.swift; path = SettingsProvider.swift; sourceTree = "<group>"; };
		DA9E3A1F227DCF5000876188 /* Router.swift */ = {isa = PBXFileReference; lastKnownFileType = sourcecode.swift; path = Router.swift; sourceTree = "<group>"; };
		DA9E3A22227DD37A00876188 /* Response.swift */ = {isa = PBXFileReference; lastKnownFileType = sourcecode.swift; path = Response.swift; sourceTree = "<group>"; };
		DA9E3A25227DD57300876188 /* BackendService.swift */ = {isa = PBXFileReference; lastKnownFileType = sourcecode.swift; path = BackendService.swift; sourceTree = "<group>"; };
		DA9E3A27227DD5F100876188 /* User.swift */ = {isa = PBXFileReference; lastKnownFileType = sourcecode.swift; path = User.swift; sourceTree = "<group>"; };
		DA9E3A29227DDC9F00876188 /* HouseWork.swift */ = {isa = PBXFileReference; lastKnownFileType = sourcecode.swift; path = HouseWork.swift; sourceTree = "<group>"; };
		DA9E3A2B227DDCF300876188 /* HouseWorkViewCell.swift */ = {isa = PBXFileReference; lastKnownFileType = sourcecode.swift; path = HouseWorkViewCell.swift; sourceTree = "<group>"; };
		DA9E3A2D227DDDCA00876188 /* FontProvider.swift */ = {isa = PBXFileReference; lastKnownFileType = sourcecode.swift; path = FontProvider.swift; sourceTree = "<group>"; };
		DA9E3A30227DDFB600876188 /* Array.swift */ = {isa = PBXFileReference; lastKnownFileType = sourcecode.swift; path = Array.swift; sourceTree = "<group>"; };
		DA9E3A32227DE06800876188 /* HappyError.swift */ = {isa = PBXFileReference; lastKnownFileType = sourcecode.swift; path = HappyError.swift; sourceTree = "<group>"; };
		DA9E3A34227DF1C800876188 /* UIImageView.swift */ = {isa = PBXFileReference; lastKnownFileType = sourcecode.swift; path = UIImageView.swift; sourceTree = "<group>"; };
		DA9E3A36227DF2D900876188 /* UITableViewCell.swift */ = {isa = PBXFileReference; lastKnownFileType = sourcecode.swift; path = UITableViewCell.swift; sourceTree = "<group>"; };
		DA9E3A38227DF3B900876188 /* UIColor.swift */ = {isa = PBXFileReference; lastKnownFileType = sourcecode.swift; path = UIColor.swift; sourceTree = "<group>"; };
		DA9E3A3A227E0C0500876188 /* CALayer.swift */ = {isa = PBXFileReference; lastKnownFileType = sourcecode.swift; path = CALayer.swift; sourceTree = "<group>"; };
		DA9E3A3C227E123B00876188 /* FamilyViewController.swift */ = {isa = PBXFileReference; lastKnownFileType = sourcecode.swift; path = FamilyViewController.swift; sourceTree = "<group>"; };
		DA9E3A3E227E124D00876188 /* FamilyMemberViewCell.swift */ = {isa = PBXFileReference; lastKnownFileType = sourcecode.swift; path = FamilyMemberViewCell.swift; sourceTree = "<group>"; };
		DA9E3A42227E2B7900876188 /* String.swift */ = {isa = PBXFileReference; lastKnownFileType = sourcecode.swift; path = String.swift; sourceTree = "<group>"; };
		DA9E3A44227E2E8900876188 /* TabBarViewController.swift */ = {isa = PBXFileReference; lastKnownFileType = sourcecode.swift; path = TabBarViewController.swift; sourceTree = "<group>"; };
		DA9E3A46227E338700876188 /* ShareViewController.swift */ = {isa = PBXFileReference; lastKnownFileType = sourcecode.swift; path = ShareViewController.swift; sourceTree = "<group>"; };
		DA9E3A48227E40FC00876188 /* OnBoardingViewController.swift */ = {isa = PBXFileReference; lastKnownFileType = sourcecode.swift; path = OnBoardingViewController.swift; sourceTree = "<group>"; };
		DA9E3A4A227E474D00876188 /* Family.swift */ = {isa = PBXFileReference; lastKnownFileType = sourcecode.swift; path = Family.swift; sourceTree = "<group>"; };
		DA9E3A4C227E4E4200876188 /* StatisticsViewController.swift */ = {isa = PBXFileReference; lastKnownFileType = sourcecode.swift; path = StatisticsViewController.swift; sourceTree = "<group>"; };
		DA9E3A4E227E51B600876188 /* FamilyMemberHouseWorkViewCell.swift */ = {isa = PBXFileReference; lastKnownFileType = sourcecode.swift; path = FamilyMemberHouseWorkViewCell.swift; sourceTree = "<group>"; };
/* End PBXFileReference section */

/* Begin PBXFrameworksBuildPhase section */
		DA19E32E227D921D00DCA3B7 /* Frameworks */ = {
			isa = PBXFrameworksBuildPhase;
			buildActionMask = 2147483647;
			files = (
				9A6C1E6D277A14105CE447BD /* Pods_happyhouse.framework in Frameworks */,
				DA9E3A07227DAA6900876188 /* KakaoCommon.framework in Frameworks */,
				DA9E3A10227DB6D600876188 /* KakaoOpenSDK.framework in Frameworks */,
			);
			runOnlyForDeploymentPostprocessing = 0;
		};
/* End PBXFrameworksBuildPhase section */

/* Begin PBXGroup section */
		02AD9A04278F729CA280DE93 /* Frameworks */ = {
			isa = PBXGroup;
			children = (
				DA9E3A0F227DB6D600876188 /* KakaoOpenSDK.framework */,
				DA9E3A06227DAA6800876188 /* KakaoCommon.framework */,
				B85BE71204976F7780266B42 /* Pods_happyhouse.framework */,
			);
			name = Frameworks;
			sourceTree = "<group>";
		};
		219602E46BB2EAD896B37C30 /* Pods */ = {
			isa = PBXGroup;
			children = (
				0F0C1D697E11EF9D61AC6D94 /* Pods-happyhouse.debug.xcconfig */,
				94052B309591652B2912BA29 /* Pods-happyhouse.release.xcconfig */,
			);
			name = Pods;
			sourceTree = "<group>";
		};
		DA19E328227D921D00DCA3B7 = {
			isa = PBXGroup;
			children = (
				DA19E333227D921D00DCA3B7 /* happyhouse */,
				DA19E332227D921D00DCA3B7 /* Products */,
				219602E46BB2EAD896B37C30 /* Pods */,
				02AD9A04278F729CA280DE93 /* Frameworks */,
			);
			sourceTree = "<group>";
		};
		DA19E332227D921D00DCA3B7 /* Products */ = {
			isa = PBXGroup;
			children = (
				DA19E331227D921D00DCA3B7 /* happyhouse.app */,
			);
			name = Products;
			sourceTree = "<group>";
		};
		DA19E333227D921D00DCA3B7 /* happyhouse */ = {
			isa = PBXGroup;
			children = (
				DA9E3A2F227DDF9A00876188 /* extensions */,
				DA9E3A12227DBAC100876188 /* data */,
				DA9E3A08227DAC0C00876188 /* presentation */,
				DA19E334227D921D00DCA3B7 /* AppDelegate.swift */,
				DA19E33B227D921F00DCA3B7 /* Assets.xcassets */,
				DA19E33D227D921F00DCA3B7 /* LaunchScreen.storyboard */,
				DA19E340227D921F00DCA3B7 /* Info.plist */,
				DA19E346227D9C9F00DCA3B7 /* GoogleService-Info.plist */,
				DA9E3A11227DB6EC00876188 /* KakaoOpenSDK-Bridging-Header.h */,
			);
			path = happyhouse;
			sourceTree = "<group>";
		};
		DA9E3A08227DAC0C00876188 /* presentation */ = {
			isa = PBXGroup;
			children = (
				DA9E3A44227E2E8900876188 /* TabBarViewController.swift */,
				DA9E3A09227DAC3E00876188 /* SplashViewController.swift */,
				DA9E3A48227E40FC00876188 /* OnBoardingViewController.swift */,
				DA147D37228045B300C0C9E5 /* OnBoardingGuide.swift */,
				DA147D352280451F00C0C9E5 /* OnBoardingGuideViewCell.swift */,
				DA9E3A0B227DAD0A00876188 /* LoginViewController.swift */,
				DA9E3A18227DCD5800876188 /* HouseWorkListViewController.swift */,
				DA9E3A2B227DDCF300876188 /* HouseWorkViewCell.swift */,
				DA9E3A3C227E123B00876188 /* FamilyViewController.swift */,
				DA9E3A3E227E124D00876188 /* FamilyMemberViewCell.swift */,
				DA9E3A4E227E51B600876188 /* FamilyMemberHouseWorkViewCell.swift */,
				DA9E3A4C227E4E4200876188 /* StatisticsViewController.swift */,
				DA9E3A46227E338700876188 /* ShareViewController.swift */,
			);
			path = presentation;
			sourceTree = "<group>";
		};
		DA9E3A12227DBAC100876188 /* data */ = {
			isa = PBXGroup;
			children = (
				DA9E3A24227DD56300876188 /* service */,
				DA9E3A21227DD36E00876188 /* entity */,
				DA9E3A1C227DCE2500876188 /* configuration */,
				DA9E3A13227DBACB00876188 /* network */,
			);
			path = data;
			sourceTree = "<group>";
		};
		DA9E3A13227DBACB00876188 /* network */ = {
			isa = PBXGroup;
			children = (
				DA9E3A1F227DCF5000876188 /* Router.swift */,
				DA9E3A32227DE06800876188 /* HappyError.swift */,
			);
			path = network;
			sourceTree = "<group>";
		};
		DA9E3A1C227DCE2500876188 /* configuration */ = {
			isa = PBXGroup;
			children = (
				DA9E3A1D227DCE3800876188 /* SettingsProvider.swift */,
				DA9E3A2D227DDDCA00876188 /* FontProvider.swift */,
			);
			path = configuration;
			sourceTree = "<group>";
		};
		DA9E3A21227DD36E00876188 /* entity */ = {
			isa = PBXGroup;
			children = (
				DA9E3A22227DD37A00876188 /* Response.swift */,
				DA9E3A27227DD5F100876188 /* User.swift */,
				DA9E3A29227DDC9F00876188 /* HouseWork.swift */,
				DA9E3A4A227E474D00876188 /* Family.swift */,
			);
			path = entity;
			sourceTree = "<group>";
		};
		DA9E3A24227DD56300876188 /* service */ = {
			isa = PBXGroup;
			children = (
				DA9E3A25227DD57300876188 /* BackendService.swift */,
			);
			path = service;
			sourceTree = "<group>";
		};
		DA9E3A2F227DDF9A00876188 /* extensions */ = {
			isa = PBXGroup;
			children = (
				DA9E3A30227DDFB600876188 /* Array.swift */,
				DA9E3A34227DF1C800876188 /* UIImageView.swift */,
				DA9E3A36227DF2D900876188 /* UITableViewCell.swift */,
				DA9E3A38227DF3B900876188 /* UIColor.swift */,
				DA9E3A3A227E0C0500876188 /* CALayer.swift */,
				DA9E3A42227E2B7900876188 /* String.swift */,
			);
			path = extensions;
			sourceTree = "<group>";
		};
/* End PBXGroup section */

/* Begin PBXNativeTarget section */
		DA19E330227D921D00DCA3B7 /* happyhouse */ = {
			isa = PBXNativeTarget;
			buildConfigurationList = DA19E343227D921F00DCA3B7 /* Build configuration list for PBXNativeTarget "happyhouse" */;
			buildPhases = (
				223CF88CD9F025713DFB63B3 /* [CP] Check Pods Manifest.lock */,
				DA19E32D227D921D00DCA3B7 /* Sources */,
				DA19E32E227D921D00DCA3B7 /* Frameworks */,
				DA19E32F227D921D00DCA3B7 /* Resources */,
				ABB7079E81862F87475FFDF5 /* [CP] Embed Pods Frameworks */,
			);
			buildRules = (
			);
			dependencies = (
			);
			name = happyhouse;
			productName = happyhouse;
			productReference = DA19E331227D921D00DCA3B7 /* happyhouse.app */;
			productType = "com.apple.product-type.application";
		};
/* End PBXNativeTarget section */

/* Begin PBXProject section */
		DA19E329227D921D00DCA3B7 /* Project object */ = {
			isa = PBXProject;
			attributes = {
				LastSwiftUpdateCheck = 1010;
				LastUpgradeCheck = 1010;
				ORGANIZATIONNAME = Depromeet;
				TargetAttributes = {
					DA19E330227D921D00DCA3B7 = {
						CreatedOnToolsVersion = 10.1;
					};
				};
			};
			buildConfigurationList = DA19E32C227D921D00DCA3B7 /* Build configuration list for PBXProject "happyhouse" */;
			compatibilityVersion = "Xcode 9.3";
			developmentRegion = en;
			hasScannedForEncodings = 0;
			knownRegions = (
				en,
				Base,
			);
			mainGroup = DA19E328227D921D00DCA3B7;
			productRefGroup = DA19E332227D921D00DCA3B7 /* Products */;
			projectDirPath = "";
			projectRoot = "";
			targets = (
				DA19E330227D921D00DCA3B7 /* happyhouse */,
			);
		};
/* End PBXProject section */

/* Begin PBXResourcesBuildPhase section */
		DA19E32F227D921D00DCA3B7 /* Resources */ = {
			isa = PBXResourcesBuildPhase;
			buildActionMask = 2147483647;
			files = (
				DA19E33F227D921F00DCA3B7 /* LaunchScreen.storyboard in Resources */,
				DA19E33C227D921F00DCA3B7 /* Assets.xcassets in Resources */,
				DA19E347227D9C9F00DCA3B7 /* GoogleService-Info.plist in Resources */,
			);
			runOnlyForDeploymentPostprocessing = 0;
		};
/* End PBXResourcesBuildPhase section */

/* Begin PBXShellScriptBuildPhase section */
		223CF88CD9F025713DFB63B3 /* [CP] Check Pods Manifest.lock */ = {
			isa = PBXShellScriptBuildPhase;
			buildActionMask = 2147483647;
			files = (
			);
			inputFileListPaths = (
			);
			inputPaths = (
				"${PODS_PODFILE_DIR_PATH}/Podfile.lock",
				"${PODS_ROOT}/Manifest.lock",
			);
			name = "[CP] Check Pods Manifest.lock";
			outputFileListPaths = (
			);
			outputPaths = (
				"$(DERIVED_FILE_DIR)/Pods-happyhouse-checkManifestLockResult.txt",
			);
			runOnlyForDeploymentPostprocessing = 0;
			shellPath = /bin/sh;
			shellScript = "diff \"${PODS_PODFILE_DIR_PATH}/Podfile.lock\" \"${PODS_ROOT}/Manifest.lock\" > /dev/null\nif [ $? != 0 ] ; then\n    # print error to STDERR\n    echo \"error: The sandbox is not in sync with the Podfile.lock. Run 'pod install' or update your CocoaPods installation.\" >&2\n    exit 1\nfi\n# This output is used by Xcode 'outputs' to avoid re-running this script phase.\necho \"SUCCESS\" > \"${SCRIPT_OUTPUT_FILE_0}\"\n";
			showEnvVarsInLog = 0;
		};
		ABB7079E81862F87475FFDF5 /* [CP] Embed Pods Frameworks */ = {
			isa = PBXShellScriptBuildPhase;
			buildActionMask = 2147483647;
			files = (
			);
			inputFileListPaths = (
			);
			inputPaths = (
				"${SRCROOT}/Pods/Target Support Files/Pods-happyhouse/Pods-happyhouse-frameworks.sh",
				"${BUILT_PRODUCTS_DIR}/Alamofire/Alamofire.framework",
				"${BUILT_PRODUCTS_DIR}/GoogleUtilities/GoogleUtilities.framework",
				"${BUILT_PRODUCTS_DIR}/Kingfisher/Kingfisher.framework",
				"${BUILT_PRODUCTS_DIR}/Protobuf/Protobuf.framework",
				"${BUILT_PRODUCTS_DIR}/RxCocoa/RxCocoa.framework",
				"${BUILT_PRODUCTS_DIR}/RxRelay/RxRelay.framework",
				"${BUILT_PRODUCTS_DIR}/RxSwift/RxSwift.framework",
				"${BUILT_PRODUCTS_DIR}/ScrollableDatepicker/ScrollableDatepicker.framework",
				"${BUILT_PRODUCTS_DIR}/SnapKit/SnapKit.framework",
				"${BUILT_PRODUCTS_DIR}/Toaster/Toaster.framework",
				"${BUILT_PRODUCTS_DIR}/nanopb/nanopb.framework",
			);
			name = "[CP] Embed Pods Frameworks";
			outputFileListPaths = (
			);
			outputPaths = (
				"${TARGET_BUILD_DIR}/${FRAMEWORKS_FOLDER_PATH}/Alamofire.framework",
				"${TARGET_BUILD_DIR}/${FRAMEWORKS_FOLDER_PATH}/GoogleUtilities.framework",
				"${TARGET_BUILD_DIR}/${FRAMEWORKS_FOLDER_PATH}/Kingfisher.framework",
				"${TARGET_BUILD_DIR}/${FRAMEWORKS_FOLDER_PATH}/Protobuf.framework",
				"${TARGET_BUILD_DIR}/${FRAMEWORKS_FOLDER_PATH}/RxCocoa.framework",
				"${TARGET_BUILD_DIR}/${FRAMEWORKS_FOLDER_PATH}/RxRelay.framework",
				"${TARGET_BUILD_DIR}/${FRAMEWORKS_FOLDER_PATH}/RxSwift.framework",
				"${TARGET_BUILD_DIR}/${FRAMEWORKS_FOLDER_PATH}/ScrollableDatepicker.framework",
				"${TARGET_BUILD_DIR}/${FRAMEWORKS_FOLDER_PATH}/SnapKit.framework",
				"${TARGET_BUILD_DIR}/${FRAMEWORKS_FOLDER_PATH}/Toaster.framework",
				"${TARGET_BUILD_DIR}/${FRAMEWORKS_FOLDER_PATH}/nanopb.framework",
			);
			runOnlyForDeploymentPostprocessing = 0;
			shellPath = /bin/sh;
			shellScript = "\"${SRCROOT}/Pods/Target Support Files/Pods-happyhouse/Pods-happyhouse-frameworks.sh\"\n";
			showEnvVarsInLog = 0;
		};
/* End PBXShellScriptBuildPhase section */

/* Begin PBXSourcesBuildPhase section */
		DA19E32D227D921D00DCA3B7 /* Sources */ = {
			isa = PBXSourcesBuildPhase;
			buildActionMask = 2147483647;
			files = (
				DA9E3A23227DD37A00876188 /* Response.swift in Sources */,
				DA9E3A26227DD57300876188 /* BackendService.swift in Sources */,
				DA9E3A4F227E51B600876188 /* FamilyMemberHouseWorkViewCell.swift in Sources */,
				DA147D38228045B300C0C9E5 /* OnBoardingGuide.swift in Sources */,
				DA9E3A0C227DAD0A00876188 /* LoginViewController.swift in Sources */,
				DA9E3A3F227E124D00876188 /* FamilyMemberViewCell.swift in Sources */,
				DA9E3A49227E40FC00876188 /* OnBoardingViewController.swift in Sources */,
				DA9E3A3B227E0C0500876188 /* CALayer.swift in Sources */,
				DA9E3A1E227DCE3800876188 /* SettingsProvider.swift in Sources */,
				DA9E3A47227E338700876188 /* ShareViewController.swift in Sources */,
				DA9E3A2C227DDCF300876188 /* HouseWorkViewCell.swift in Sources */,
				DA9E3A4B227E474D00876188 /* Family.swift in Sources */,
				DA9E3A2E227DDDCA00876188 /* FontProvider.swift in Sources */,
				DA147D362280451F00C0C9E5 /* OnBoardingGuideViewCell.swift in Sources */,
				DA9E3A2A227DDC9F00876188 /* HouseWork.swift in Sources */,
				DA9E3A0A227DAC3E00876188 /* SplashViewController.swift in Sources */,
				DA9E3A35227DF1C800876188 /* UIImageView.swift in Sources */,
				DA9E3A20227DCF5000876188 /* Router.swift in Sources */,
				DA9E3A4D227E4E4200876188 /* StatisticsViewController.swift in Sources */,
				DA9E3A43227E2B7900876188 /* String.swift in Sources */,
				DA9E3A31227DDFB600876188 /* Array.swift in Sources */,
				DA9E3A45227E2E8900876188 /* TabBarViewController.swift in Sources */,
				DA9E3A19227DCD5800876188 /* HouseWorkListViewController.swift in Sources */,
				DA9E3A3D227E123B00876188 /* FamilyViewController.swift in Sources */,
				DA9E3A39227DF3B900876188 /* UIColor.swift in Sources */,
				DA9E3A33227DE06800876188 /* HappyError.swift in Sources */,
				DA9E3A28227DD5F100876188 /* User.swift in Sources */,
				DA19E335227D921D00DCA3B7 /* AppDelegate.swift in Sources */,
				DA9E3A37227DF2D900876188 /* UITableViewCell.swift in Sources */,
			);
			runOnlyForDeploymentPostprocessing = 0;
		};
/* End PBXSourcesBuildPhase section */

/* Begin PBXVariantGroup section */
		DA19E33D227D921F00DCA3B7 /* LaunchScreen.storyboard */ = {
			isa = PBXVariantGroup;
			children = (
				DA19E33E227D921F00DCA3B7 /* Base */,
			);
			name = LaunchScreen.storyboard;
			sourceTree = "<group>";
		};
/* End PBXVariantGroup section */

/* Begin XCBuildConfiguration section */
		DA19E341227D921F00DCA3B7 /* Debug */ = {
			isa = XCBuildConfiguration;
			buildSettings = {
				ALWAYS_SEARCH_USER_PATHS = NO;
				CLANG_ANALYZER_NONNULL = YES;
				CLANG_ANALYZER_NUMBER_OBJECT_CONVERSION = YES_AGGRESSIVE;
				CLANG_CXX_LANGUAGE_STANDARD = "gnu++14";
				CLANG_CXX_LIBRARY = "libc++";
				CLANG_ENABLE_MODULES = YES;
				CLANG_ENABLE_OBJC_ARC = YES;
				CLANG_ENABLE_OBJC_WEAK = YES;
				CLANG_WARN_BLOCK_CAPTURE_AUTORELEASING = YES;
				CLANG_WARN_BOOL_CONVERSION = YES;
				CLANG_WARN_COMMA = YES;
				CLANG_WARN_CONSTANT_CONVERSION = YES;
				CLANG_WARN_DEPRECATED_OBJC_IMPLEMENTATIONS = YES;
				CLANG_WARN_DIRECT_OBJC_ISA_USAGE = YES_ERROR;
				CLANG_WARN_DOCUMENTATION_COMMENTS = YES;
				CLANG_WARN_EMPTY_BODY = YES;
				CLANG_WARN_ENUM_CONVERSION = YES;
				CLANG_WARN_INFINITE_RECURSION = YES;
				CLANG_WARN_INT_CONVERSION = YES;
				CLANG_WARN_NON_LITERAL_NULL_CONVERSION = YES;
				CLANG_WARN_OBJC_IMPLICIT_RETAIN_SELF = YES;
				CLANG_WARN_OBJC_LITERAL_CONVERSION = YES;
				CLANG_WARN_OBJC_ROOT_CLASS = YES_ERROR;
				CLANG_WARN_RANGE_LOOP_ANALYSIS = YES;
				CLANG_WARN_STRICT_PROTOTYPES = YES;
				CLANG_WARN_SUSPICIOUS_MOVE = YES;
				CLANG_WARN_UNGUARDED_AVAILABILITY = YES_AGGRESSIVE;
				CLANG_WARN_UNREACHABLE_CODE = YES;
				CLANG_WARN__DUPLICATE_METHOD_MATCH = YES;
				CODE_SIGN_IDENTITY = "iPhone Developer";
				COPY_PHASE_STRIP = NO;
				DEBUG_INFORMATION_FORMAT = dwarf;
				ENABLE_STRICT_OBJC_MSGSEND = YES;
				ENABLE_TESTABILITY = YES;
				GCC_C_LANGUAGE_STANDARD = gnu11;
				GCC_DYNAMIC_NO_PIC = NO;
				GCC_NO_COMMON_BLOCKS = YES;
				GCC_OPTIMIZATION_LEVEL = 0;
				GCC_PREPROCESSOR_DEFINITIONS = (
					"DEBUG=1",
					"$(inherited)",
				);
				GCC_WARN_64_TO_32_BIT_CONVERSION = YES;
				GCC_WARN_ABOUT_RETURN_TYPE = YES_ERROR;
				GCC_WARN_UNDECLARED_SELECTOR = YES;
				GCC_WARN_UNINITIALIZED_AUTOS = YES_AGGRESSIVE;
				GCC_WARN_UNUSED_FUNCTION = YES;
				GCC_WARN_UNUSED_VARIABLE = YES;
				IPHONEOS_DEPLOYMENT_TARGET = 12.1;
				MTL_ENABLE_DEBUG_INFO = INCLUDE_SOURCE;
				MTL_FAST_MATH = YES;
				ONLY_ACTIVE_ARCH = YES;
				SDKROOT = iphoneos;
				SWIFT_ACTIVE_COMPILATION_CONDITIONS = DEBUG;
				SWIFT_OPTIMIZATION_LEVEL = "-Onone";
			};
			name = Debug;
		};
		DA19E342227D921F00DCA3B7 /* Release */ = {
			isa = XCBuildConfiguration;
			buildSettings = {
				ALWAYS_SEARCH_USER_PATHS = NO;
				CLANG_ANALYZER_NONNULL = YES;
				CLANG_ANALYZER_NUMBER_OBJECT_CONVERSION = YES_AGGRESSIVE;
				CLANG_CXX_LANGUAGE_STANDARD = "gnu++14";
				CLANG_CXX_LIBRARY = "libc++";
				CLANG_ENABLE_MODULES = YES;
				CLANG_ENABLE_OBJC_ARC = YES;
				CLANG_ENABLE_OBJC_WEAK = YES;
				CLANG_WARN_BLOCK_CAPTURE_AUTORELEASING = YES;
				CLANG_WARN_BOOL_CONVERSION = YES;
				CLANG_WARN_COMMA = YES;
				CLANG_WARN_CONSTANT_CONVERSION = YES;
				CLANG_WARN_DEPRECATED_OBJC_IMPLEMENTATIONS = YES;
				CLANG_WARN_DIRECT_OBJC_ISA_USAGE = YES_ERROR;
				CLANG_WARN_DOCUMENTATION_COMMENTS = YES;
				CLANG_WARN_EMPTY_BODY = YES;
				CLANG_WARN_ENUM_CONVERSION = YES;
				CLANG_WARN_INFINITE_RECURSION = YES;
				CLANG_WARN_INT_CONVERSION = YES;
				CLANG_WARN_NON_LITERAL_NULL_CONVERSION = YES;
				CLANG_WARN_OBJC_IMPLICIT_RETAIN_SELF = YES;
				CLANG_WARN_OBJC_LITERAL_CONVERSION = YES;
				CLANG_WARN_OBJC_ROOT_CLASS = YES_ERROR;
				CLANG_WARN_RANGE_LOOP_ANALYSIS = YES;
				CLANG_WARN_STRICT_PROTOTYPES = YES;
				CLANG_WARN_SUSPICIOUS_MOVE = YES;
				CLANG_WARN_UNGUARDED_AVAILABILITY = YES_AGGRESSIVE;
				CLANG_WARN_UNREACHABLE_CODE = YES;
				CLANG_WARN__DUPLICATE_METHOD_MATCH = YES;
				CODE_SIGN_IDENTITY = "iPhone Developer";
				COPY_PHASE_STRIP = NO;
				DEBUG_INFORMATION_FORMAT = "dwarf-with-dsym";
				ENABLE_NS_ASSERTIONS = NO;
				ENABLE_STRICT_OBJC_MSGSEND = YES;
				GCC_C_LANGUAGE_STANDARD = gnu11;
				GCC_NO_COMMON_BLOCKS = YES;
				GCC_WARN_64_TO_32_BIT_CONVERSION = YES;
				GCC_WARN_ABOUT_RETURN_TYPE = YES_ERROR;
				GCC_WARN_UNDECLARED_SELECTOR = YES;
				GCC_WARN_UNINITIALIZED_AUTOS = YES_AGGRESSIVE;
				GCC_WARN_UNUSED_FUNCTION = YES;
				GCC_WARN_UNUSED_VARIABLE = YES;
				IPHONEOS_DEPLOYMENT_TARGET = 12.1;
				MTL_ENABLE_DEBUG_INFO = NO;
				MTL_FAST_MATH = YES;
				SDKROOT = iphoneos;
				SWIFT_COMPILATION_MODE = wholemodule;
				SWIFT_OPTIMIZATION_LEVEL = "-O";
				VALIDATE_PRODUCT = YES;
			};
			name = Release;
		};
		DA19E344227D921F00DCA3B7 /* Debug */ = {
			isa = XCBuildConfiguration;
			baseConfigurationReference = 0F0C1D697E11EF9D61AC6D94 /* Pods-happyhouse.debug.xcconfig */;
			buildSettings = {
				ASSETCATALOG_COMPILER_APPICON_NAME = AppIcon;
				CODE_SIGN_STYLE = Automatic;
				DEVELOPMENT_TEAM = 8KLUK5NY37;
				FRAMEWORK_SEARCH_PATHS = (
					"$(inherited)",
					"$(PROJECT_DIR)",
				);
				INFOPLIST_FILE = happyhouse/Info.plist;
				LD_RUNPATH_SEARCH_PATHS = (
					"$(inherited)",
					"@executable_path/Frameworks",
				);
				OTHER_LDFLAGS = (
					"$(inherited)",
					"-ObjC",
					"-l\"c++\"",
					"-l\"sqlite3\"",
					"-l\"z\"",
					"-framework",
					"\"Alamofire\"",
					"-framework",
					"\"FIRAnalyticsConnector\"",
					"-framework",
					"\"FirebaseAnalytics\"",
					"-framework",
					"\"FirebaseCore\"",
					"-framework",
					"\"FirebaseCoreDiagnostics\"",
					"-framework",
					"\"FirebaseInstanceID\"",
					"-framework",
					"\"Foundation\"",
					"-framework",
					"\"GoogleAppMeasurement\"",
					"-framework",
					"\"GoogleUtilities\"",
					"-framework",
					"\"RxCocoa\"",
					"-framework",
					"\"RxRelay\"",
					"-framework",
					"\"RxSwift\"",
					"-framework",
					"\"Security\"",
					"-framework",
					"\"SnapKit\"",
					"-framework",
					"\"StoreKit\"",
					"-framework",
					"\"nanopb\"",
					"-all_load",
				);
				PRODUCT_BUNDLE_IDENTIFIER = com.depromeet.happyhouse;
				PRODUCT_NAME = "$(TARGET_NAME)";
				SWIFT_OBJC_BRIDGING_HEADER = "happyhouse/KakaoOpenSDK-Bridging-Header.h";
				SWIFT_VERSION = 4.2;
				TARGETED_DEVICE_FAMILY = "1,2";
			};
			name = Debug;
		};
		DA19E345227D921F00DCA3B7 /* Release */ = {
			isa = XCBuildConfiguration;
			baseConfigurationReference = 94052B309591652B2912BA29 /* Pods-happyhouse.release.xcconfig */;
			buildSettings = {
				ASSETCATALOG_COMPILER_APPICON_NAME = AppIcon;
				CODE_SIGN_STYLE = Automatic;
				DEVELOPMENT_TEAM = 8KLUK5NY37;
				FRAMEWORK_SEARCH_PATHS = (
					"$(inherited)",
					"$(PROJECT_DIR)",
				);
				INFOPLIST_FILE = happyhouse/Info.plist;
				LD_RUNPATH_SEARCH_PATHS = (
					"$(inherited)",
					"@executable_path/Frameworks",
				);
				OTHER_LDFLAGS = (
					"$(inherited)",
					"-ObjC",
					"-l\"c++\"",
					"-l\"sqlite3\"",
					"-l\"z\"",
					"-framework",
					"\"Alamofire\"",
					"-framework",
					"\"FIRAnalyticsConnector\"",
					"-framework",
					"\"FirebaseAnalytics\"",
					"-framework",
					"\"FirebaseCore\"",
					"-framework",
					"\"FirebaseCoreDiagnostics\"",
					"-framework",
					"\"FirebaseInstanceID\"",
					"-framework",
					"\"Foundation\"",
					"-framework",
					"\"GoogleAppMeasurement\"",
					"-framework",
					"\"GoogleUtilities\"",
					"-framework",
					"\"RxCocoa\"",
					"-framework",
					"\"RxRelay\"",
					"-framework",
					"\"RxSwift\"",
					"-framework",
					"\"Security\"",
					"-framework",
					"\"SnapKit\"",
					"-framework",
					"\"StoreKit\"",
					"-framework",
					"\"nanopb\"",
					"-all_load",
				);
				PRODUCT_BUNDLE_IDENTIFIER = com.depromeet.happyhouse;
				PRODUCT_NAME = "$(TARGET_NAME)";
				SWIFT_OBJC_BRIDGING_HEADER = "happyhouse/KakaoOpenSDK-Bridging-Header.h";
				SWIFT_VERSION = 4.2;
				TARGETED_DEVICE_FAMILY = "1,2";
			};
			name = Release;
		};
/* End XCBuildConfiguration section */

/* Begin XCConfigurationList section */
		DA19E32C227D921D00DCA3B7 /* Build configuration list for PBXProject "happyhouse" */ = {
			isa = XCConfigurationList;
			buildConfigurations = (
				DA19E341227D921F00DCA3B7 /* Debug */,
				DA19E342227D921F00DCA3B7 /* Release */,
			);
			defaultConfigurationIsVisible = 0;
			defaultConfigurationName = Release;
		};
		DA19E343227D921F00DCA3B7 /* Build configuration list for PBXNativeTarget "happyhouse" */ = {
			isa = XCConfigurationList;
			buildConfigurations = (
				DA19E344227D921F00DCA3B7 /* Debug */,
				DA19E345227D921F00DCA3B7 /* Release */,
			);
			defaultConfigurationIsVisible = 0;
			defaultConfigurationName = Release;
		};
/* End XCConfigurationList section */
	};
	rootObject = DA19E329227D921D00DCA3B7 /* Project object */;
}
